
Microsoft Visual Studio Solution File, Format Version 12.00
# Visual Studio Version 17
VisualStudioVersion = 17.5.002.0
MinimumVisualStudioVersion = 10.0.40219.1
Project("{9A19103F-16F7-4668-BE54-9A1E7A4F7556}") = "basics", "basics.csproj", "{95135043-2183-4A82-86CF-42DB7A574B1C}"
EndProject
Global
	GlobalSection(SolutionConfigurationPlatforms) = preSolution
		Debug|Any CPU = Debug|Any CPU
		Release|Any CPU = Release|Any CPU
	EndGlobalSection
	GlobalSection(ProjectConfigurationPlatforms) = postSolution
		{95135043-2183-4A82-86CF-42DB7A574B1C}.Debug|Any CPU.ActiveCfg = Debug|Any CPU
		{95135043-2183-4A82-86CF-42DB7A574B1C}.Debug|Any CPU.Build.0 = Debug|Any CPU
		{95135043-2183-4A82-86CF-42DB7A574B1C}.Release|Any CPU.ActiveCfg = Release|Any CPU
		{95135043-2183-4A82-86CF-42DB7A574B1C}.Release|Any CPU.Build.0 = Release|Any CPU
	EndGlobalSection
	GlobalSection(SolutionProperties) = preSolution
		HideSolutionNode = FALSE
	EndGlobalSection
	GlobalSection(ExtensibilityGlobals) = postSolution
		SolutionGuid = {9F47BFF5-A0AE-4C3A-9D5B-0C538CEF307F}
	EndGlobalSection
EndGlobal
